
Microsoft Visual Studio Solution File, Format Version 12.00
# Visual Studio Version 17
VisualStudioVersion = 17.6.33829.357
MinimumVisualStudioVersion = 10.0.40219.1
Project("{FAE04EC0-301F-11D3-BF4B-00C04F79EFBC}") = "المحاضرة الثامنة", "المحاضرة الثامنة\المحاضرة الثامنة.csproj", "{ACDF43E4-5F49-421C-AF2B-ED3FE571742D}"
EndProject
Global
	GlobalSection(SolutionConfigurationPlatforms) = preSolution
		Debug|Any CPU = Debug|Any CPU
		Release|Any CPU = Release|Any CPU
	EndGlobalSection
	GlobalSection(ProjectConfigurationPlatforms) = postSolution
		{ACDF43E4-5F49-421C-AF2B-ED3FE571742D}.Debug|Any CPU.ActiveCfg = Debug|Any CPU
		{ACDF43E4-5F49-421C-AF2B-ED3FE571742D}.Debug|Any CPU.Build.0 = Debug|Any CPU
		{ACDF43E4-5F49-421C-AF2B-ED3FE571742D}.Release|Any CPU.ActiveCfg = Release|Any CPU
		{ACDF43E4-5F49-421C-AF2B-ED3FE571742D}.Release|Any CPU.Build.0 = Release|Any CPU
	EndGlobalSection
	GlobalSection(SolutionProperties) = preSolution
		HideSolutionNode = FALSE
	EndGlobalSection
	GlobalSection(ExtensibilityGlobals) = postSolution
		SolutionGuid = {6700FEAD-DBC5-4198-BD35-540582AA117D}
	EndGlobalSection
EndGlobal
